
Microsoft Visual Studio Solution File, Format Version 12.00
Project("{2150E333-8FDC-42A3-9474-1A3956D46DE8}") = "src", "src", "{3A8B6812-B42A-4F1B-962F-E4C2696A6F46}"
EndProject
Project("{2150E333-8FDC-42A3-9474-1A3956D46DE8}") = "tests", "tests", "{ABD7D257-AE9C-4DCB-9224-80938748474C}"
EndProject
Project("{FAE04EC0-301F-11D3-BF4B-00C04F79EFBC}") = "Lab1", "src\Lab1\Lab1.csproj", "{25EFCB64-8B06-4F6A-BBFD-9F713438637F}"
EndProject
Project("{FAE04EC0-301F-11D3-BF4B-00C04F79EFBC}") = "Lab2", "src\Lab2\Lab2.csproj", "{7392F3A8-8E4F-4353-9023-51F0DCF56416}"
EndProject
Project("{FAE04EC0-301F-11D3-BF4B-00C04F79EFBC}") = "Lab3", "src\Lab3\Lab3.csproj", "{9CC87A20-A988-4109-B1B4-AF1E8C634110}"
EndProject
Project("{FAE04EC0-301F-11D3-BF4B-00C04F79EFBC}") = "Lab4", "src\Lab4\Lab4.csproj", "{00526AC5-5908-441E-ADA5-2E8BBC91919F}"
EndProject
Project("{FAE04EC0-301F-11D3-BF4B-00C04F79EFBC}") = "Lab1.Tests", "tests\Lab1.Tests\Lab1.Tests.csproj", "{FAE8F20B-EB2D-4E9F-A9C9-69761E5B4604}"
EndProject
Project("{FAE04EC0-301F-11D3-BF4B-00C04F79EFBC}") = "Lab2.Tests", "tests\Lab2.Tests\Lab2.Tests.csproj", "{7D2B8E68-304A-4946-987E-4F29F0FCC3A4}"
EndProject
Project("{FAE04EC0-301F-11D3-BF4B-00C04F79EFBC}") = "Lab3.Tests", "tests\Lab3.Tests\Lab3.Tests.csproj", "{3A3ABC1F-44EE-41D7-B0F1-F0D962E5746B}"
EndProject
Project("{FAE04EC0-301F-11D3-BF4B-00C04F79EFBC}") = "Lab4.Tests", "tests\Lab4.Tests\Lab4.Tests.csproj", "{2BC795FD-9FAC-419E-A8A5-4C432451CBD1}"
EndProject
Project("{FAE04EC0-301F-11D3-BF4B-00C04F79EFBC}") = "Lab5.Tests", "tests\Lab5.Tests\Lab5.Tests.csproj", "{6B113055-EABD-4475-9A6B-C54320ED1F26}"
EndProject
Project("{2150E333-8FDC-42A3-9474-1A3956D46DE8}") = "common", "common", "{3DB12F6C-143E-4086-BCB2-2EC3461BC353}"
	ProjectSection(SolutionItems) = preProject
		Directory.Packages.props = Directory.Packages.props
		Directory.Build.props = Directory.Build.props
		.gitignore = .gitignore
		.editorconfig = .editorconfig
	EndProjectSection
EndProject
Project("{2150E333-8FDC-42A3-9474-1A3956D46DE8}") = "Lab5Docker", "Lab5Docker", "{21B3DB15-B149-4138-B478-5BA7DBEBE6E4}"
	ProjectSection(SolutionItems) = preProject
		docker-compose.yml = docker-compose.yml
		init.sql = init.sql
	EndProjectSection
EndProject
Project("{2150E333-8FDC-42A3-9474-1A3956D46DE8}") = "ATM", "ATM", "{A07DFC7E-5486-4A1D-AEF4-27BA1A481FC4}"
EndProject
Project("{2150E333-8FDC-42A3-9474-1A3956D46DE8}") = "Core", "Core", "{B6EDACD4-4800-461F-BCAD-7B66DD47B86F}"
EndProject
Project("{2150E333-8FDC-42A3-9474-1A3956D46DE8}") = "Infrastructure", "Infrastructure", "{1D222B88-057D-4FD1-88E4-9FB8C4D574F0}"
EndProject
Project("{2150E333-8FDC-42A3-9474-1A3956D46DE8}") = "Presentation", "Presentation", "{BAD99FB8-1EC1-4DA9-B359-324103F7F4FB}"
EndProject
Project("{FAE04EC0-301F-11D3-BF4B-00C04F79EFBC}") = "Entities", "Entities\Entities.csproj", "{BCDD7556-76E0-4D2A-BE6B-D3D75B246C56}"
EndProject
Project("{FAE04EC0-301F-11D3-BF4B-00C04F79EFBC}") = "Interfaces", "Interfaces\Interfaces.csproj", "{F7BCC89E-AE6A-4C88-BB31-A807E4CAB848}"
EndProject
Project("{FAE04EC0-301F-11D3-BF4B-00C04F79EFBC}") = "Contracts", "Contracts\Contracts.csproj", "{769CBE57-0882-4F04-B66B-B8666DC80001}"
EndProject
Project("{FAE04EC0-301F-11D3-BF4B-00C04F79EFBC}") = "DataAccess", "DataAccess\DataAccess.csproj", "{7BF358DC-4FF0-4703-83BC-74203BF6394C}"
EndProject
Project("{FAE04EC0-301F-11D3-BF4B-00C04F79EFBC}") = "ConsoleUI", "ConsoleUI\ConsoleUI.csproj", "{6BADE148-2933-4B25-B563-8DA3B7C295A2}"
EndProject
Project("{FAE04EC0-301F-11D3-BF4B-00C04F79EFBC}") = "Services", "Services\Services.csproj", "{ADA42E59-BC32-4348-8F7C-74465C8D2E5B}"
EndProject
Project("{FAE04EC0-301F-11D3-BF4B-00C04F79EFBC}") = "ServiceControllers", "ServiceControllers\ServiceControllers.csproj", "{92F80F3E-9D66-4895-9787-6163782B6C6D}"
EndProject
Project("{FAE04EC0-301F-11D3-BF4B-00C04F79EFBC}") = "CRM", "CRM\CRM.csproj", "{87F9703C-BCF7-488B-9C66-5C00852E9FFD}"
EndProject
Global
	GlobalSection(SolutionConfigurationPlatforms) = preSolution
		Debug|Any CPU = Debug|Any CPU
		Release|Any CPU = Release|Any CPU
	EndGlobalSection
	GlobalSection(NestedProjects) = preSolution
		{25EFCB64-8B06-4F6A-BBFD-9F713438637F} = {3A8B6812-B42A-4F1B-962F-E4C2696A6F46}
		{7392F3A8-8E4F-4353-9023-51F0DCF56416} = {3A8B6812-B42A-4F1B-962F-E4C2696A6F46}
		{9CC87A20-A988-4109-B1B4-AF1E8C634110} = {3A8B6812-B42A-4F1B-962F-E4C2696A6F46}
		{00526AC5-5908-441E-ADA5-2E8BBC91919F} = {3A8B6812-B42A-4F1B-962F-E4C2696A6F46}
		{FAE8F20B-EB2D-4E9F-A9C9-69761E5B4604} = {ABD7D257-AE9C-4DCB-9224-80938748474C}
		{7D2B8E68-304A-4946-987E-4F29F0FCC3A4} = {ABD7D257-AE9C-4DCB-9224-80938748474C}
		{3A3ABC1F-44EE-41D7-B0F1-F0D962E5746B} = {ABD7D257-AE9C-4DCB-9224-80938748474C}
		{2BC795FD-9FAC-419E-A8A5-4C432451CBD1} = {ABD7D257-AE9C-4DCB-9224-80938748474C}
		{6B113055-EABD-4475-9A6B-C54320ED1F26} = {ABD7D257-AE9C-4DCB-9224-80938748474C}
		{B6EDACD4-4800-461F-BCAD-7B66DD47B86F} = {A07DFC7E-5486-4A1D-AEF4-27BA1A481FC4}
		{1D222B88-057D-4FD1-88E4-9FB8C4D574F0} = {A07DFC7E-5486-4A1D-AEF4-27BA1A481FC4}
		{BAD99FB8-1EC1-4DA9-B359-324103F7F4FB} = {A07DFC7E-5486-4A1D-AEF4-27BA1A481FC4}
		{BCDD7556-76E0-4D2A-BE6B-D3D75B246C56} = {B6EDACD4-4800-461F-BCAD-7B66DD47B86F}
		{F7BCC89E-AE6A-4C88-BB31-A807E4CAB848} = {B6EDACD4-4800-461F-BCAD-7B66DD47B86F}
		{769CBE57-0882-4F04-B66B-B8666DC80001} = {B6EDACD4-4800-461F-BCAD-7B66DD47B86F}
		{7BF358DC-4FF0-4703-83BC-74203BF6394C} = {1D222B88-057D-4FD1-88E4-9FB8C4D574F0}
		{6BADE148-2933-4B25-B563-8DA3B7C295A2} = {BAD99FB8-1EC1-4DA9-B359-324103F7F4FB}
		{ADA42E59-BC32-4348-8F7C-74465C8D2E5B} = {B6EDACD4-4800-461F-BCAD-7B66DD47B86F}
		{92F80F3E-9D66-4895-9787-6163782B6C6D} = {B6EDACD4-4800-461F-BCAD-7B66DD47B86F}
		{87F9703C-BCF7-488B-9C66-5C00852E9FFD} = {A07DFC7E-5486-4A1D-AEF4-27BA1A481FC4}
	EndGlobalSection
	GlobalSection(ProjectConfigurationPlatforms) = postSolution
		{25EFCB64-8B06-4F6A-BBFD-9F713438637F}.Debug|Any CPU.ActiveCfg = Debug|Any CPU
		{25EFCB64-8B06-4F6A-BBFD-9F713438637F}.Debug|Any CPU.Build.0 = Debug|Any CPU
		{25EFCB64-8B06-4F6A-BBFD-9F713438637F}.Release|Any CPU.ActiveCfg = Release|Any CPU
		{25EFCB64-8B06-4F6A-BBFD-9F713438637F}.Release|Any CPU.Build.0 = Release|Any CPU
		{7392F3A8-8E4F-4353-9023-51F0DCF56416}.Debug|Any CPU.ActiveCfg = Debug|Any CPU
		{7392F3A8-8E4F-4353-9023-51F0DCF56416}.Debug|Any CPU.Build.0 = Debug|Any CPU
		{7392F3A8-8E4F-4353-9023-51F0DCF56416}.Release|Any CPU.ActiveCfg = Release|Any CPU
		{7392F3A8-8E4F-4353-9023-51F0DCF56416}.Release|Any CPU.Build.0 = Release|Any CPU
		{9CC87A20-A988-4109-B1B4-AF1E8C634110}.Debug|Any CPU.ActiveCfg = Debug|Any CPU
		{9CC87A20-A988-4109-B1B4-AF1E8C634110}.Debug|Any CPU.Build.0 = Debug|Any CPU
		{9CC87A20-A988-4109-B1B4-AF1E8C634110}.Release|Any CPU.ActiveCfg = Release|Any CPU
		{9CC87A20-A988-4109-B1B4-AF1E8C634110}.Release|Any CPU.Build.0 = Release|Any CPU
		{00526AC5-5908-441E-ADA5-2E8BBC91919F}.Debug|Any CPU.ActiveCfg = Debug|Any CPU
		{00526AC5-5908-441E-ADA5-2E8BBC91919F}.Debug|Any CPU.Build.0 = Debug|Any CPU
		{00526AC5-5908-441E-ADA5-2E8BBC91919F}.Release|Any CPU.ActiveCfg = Release|Any CPU
		{00526AC5-5908-441E-ADA5-2E8BBC91919F}.Release|Any CPU.Build.0 = Release|Any CPU
		{FAE8F20B-EB2D-4E9F-A9C9-69761E5B4604}.Debug|Any CPU.ActiveCfg = Debug|Any CPU
		{FAE8F20B-EB2D-4E9F-A9C9-69761E5B4604}.Debug|Any CPU.Build.0 = Debug|Any CPU
		{FAE8F20B-EB2D-4E9F-A9C9-69761E5B4604}.Release|Any CPU.ActiveCfg = Release|Any CPU
		{FAE8F20B-EB2D-4E9F-A9C9-69761E5B4604}.Release|Any CPU.Build.0 = Release|Any CPU
		{7D2B8E68-304A-4946-987E-4F29F0FCC3A4}.Debug|Any CPU.ActiveCfg = Debug|Any CPU
		{7D2B8E68-304A-4946-987E-4F29F0FCC3A4}.Debug|Any CPU.Build.0 = Debug|Any CPU
		{7D2B8E68-304A-4946-987E-4F29F0FCC3A4}.Release|Any CPU.ActiveCfg = Release|Any CPU
		{7D2B8E68-304A-4946-987E-4F29F0FCC3A4}.Release|Any CPU.Build.0 = Release|Any CPU
		{3A3ABC1F-44EE-41D7-B0F1-F0D962E5746B}.Debug|Any CPU.ActiveCfg = Debug|Any CPU
		{3A3ABC1F-44EE-41D7-B0F1-F0D962E5746B}.Debug|Any CPU.Build.0 = Debug|Any CPU
		{3A3ABC1F-44EE-41D7-B0F1-F0D962E5746B}.Release|Any CPU.ActiveCfg = Release|Any CPU
		{3A3ABC1F-44EE-41D7-B0F1-F0D962E5746B}.Release|Any CPU.Build.0 = Release|Any CPU
		{2BC795FD-9FAC-419E-A8A5-4C432451CBD1}.Debug|Any CPU.ActiveCfg = Debug|Any CPU
		{2BC795FD-9FAC-419E-A8A5-4C432451CBD1}.Debug|Any CPU.Build.0 = Debug|Any CPU
		{2BC795FD-9FAC-419E-A8A5-4C432451CBD1}.Release|Any CPU.ActiveCfg = Release|Any CPU
		{2BC795FD-9FAC-419E-A8A5-4C432451CBD1}.Release|Any CPU.Build.0 = Release|Any CPU
		{6B113055-EABD-4475-9A6B-C54320ED1F26}.Debug|Any CPU.ActiveCfg = Debug|Any CPU
		{6B113055-EABD-4475-9A6B-C54320ED1F26}.Debug|Any CPU.Build.0 = Debug|Any CPU
		{6B113055-EABD-4475-9A6B-C54320ED1F26}.Release|Any CPU.ActiveCfg = Release|Any CPU
		{6B113055-EABD-4475-9A6B-C54320ED1F26}.Release|Any CPU.Build.0 = Release|Any CPU
		{BCDD7556-76E0-4D2A-BE6B-D3D75B246C56}.Debug|Any CPU.ActiveCfg = Debug|Any CPU
		{BCDD7556-76E0-4D2A-BE6B-D3D75B246C56}.Debug|Any CPU.Build.0 = Debug|Any CPU
		{BCDD7556-76E0-4D2A-BE6B-D3D75B246C56}.Release|Any CPU.ActiveCfg = Release|Any CPU
		{BCDD7556-76E0-4D2A-BE6B-D3D75B246C56}.Release|Any CPU.Build.0 = Release|Any CPU
		{F7BCC89E-AE6A-4C88-BB31-A807E4CAB848}.Debug|Any CPU.ActiveCfg = Debug|Any CPU
		{F7BCC89E-AE6A-4C88-BB31-A807E4CAB848}.Debug|Any CPU.Build.0 = Debug|Any CPU
		{F7BCC89E-AE6A-4C88-BB31-A807E4CAB848}.Release|Any CPU.ActiveCfg = Release|Any CPU
		{F7BCC89E-AE6A-4C88-BB31-A807E4CAB848}.Release|Any CPU.Build.0 = Release|Any CPU
		{769CBE57-0882-4F04-B66B-B8666DC80001}.Debug|Any CPU.ActiveCfg = Debug|Any CPU
		{769CBE57-0882-4F04-B66B-B8666DC80001}.Debug|Any CPU.Build.0 = Debug|Any CPU
		{769CBE57-0882-4F04-B66B-B8666DC80001}.Release|Any CPU.ActiveCfg = Release|Any CPU
		{769CBE57-0882-4F04-B66B-B8666DC80001}.Release|Any CPU.Build.0 = Release|Any CPU
		{7BF358DC-4FF0-4703-83BC-74203BF6394C}.Debug|Any CPU.ActiveCfg = Debug|Any CPU
		{7BF358DC-4FF0-4703-83BC-74203BF6394C}.Debug|Any CPU.Build.0 = Debug|Any CPU
		{7BF358DC-4FF0-4703-83BC-74203BF6394C}.Release|Any CPU.ActiveCfg = Release|Any CPU
		{7BF358DC-4FF0-4703-83BC-74203BF6394C}.Release|Any CPU.Build.0 = Release|Any CPU
		{6BADE148-2933-4B25-B563-8DA3B7C295A2}.Debug|Any CPU.ActiveCfg = Debug|Any CPU
		{6BADE148-2933-4B25-B563-8DA3B7C295A2}.Debug|Any CPU.Build.0 = Debug|Any CPU
		{6BADE148-2933-4B25-B563-8DA3B7C295A2}.Release|Any CPU.ActiveCfg = Release|Any CPU
		{6BADE148-2933-4B25-B563-8DA3B7C295A2}.Release|Any CPU.Build.0 = Release|Any CPU
		{ADA42E59-BC32-4348-8F7C-74465C8D2E5B}.Debug|Any CPU.ActiveCfg = Debug|Any CPU
		{ADA42E59-BC32-4348-8F7C-74465C8D2E5B}.Debug|Any CPU.Build.0 = Debug|Any CPU
		{ADA42E59-BC32-4348-8F7C-74465C8D2E5B}.Release|Any CPU.ActiveCfg = Release|Any CPU
		{ADA42E59-BC32-4348-8F7C-74465C8D2E5B}.Release|Any CPU.Build.0 = Release|Any CPU
		{92F80F3E-9D66-4895-9787-6163782B6C6D}.Debug|Any CPU.ActiveCfg = Debug|Any CPU
		{92F80F3E-9D66-4895-9787-6163782B6C6D}.Debug|Any CPU.Build.0 = Debug|Any CPU
		{92F80F3E-9D66-4895-9787-6163782B6C6D}.Release|Any CPU.ActiveCfg = Release|Any CPU
		{92F80F3E-9D66-4895-9787-6163782B6C6D}.Release|Any CPU.Build.0 = Release|Any CPU
		{87F9703C-BCF7-488B-9C66-5C00852E9FFD}.Debug|Any CPU.ActiveCfg = Debug|Any CPU
		{87F9703C-BCF7-488B-9C66-5C00852E9FFD}.Debug|Any CPU.Build.0 = Debug|Any CPU
		{87F9703C-BCF7-488B-9C66-5C00852E9FFD}.Release|Any CPU.ActiveCfg = Release|Any CPU
		{87F9703C-BCF7-488B-9C66-5C00852E9FFD}.Release|Any CPU.Build.0 = Release|Any CPU
	EndGlobalSection
EndGlobal
